// !$*UTF8*$!
{
	archiveVersion = 1;
	classes = {
	};
	objectVersion = 51;
	objects = {

/* Begin PBXBuildFile section */
		3E2AC945243E7E7D00BB0B3A /* AppDelegate.swift in Sources */ = {isa = PBXBuildFile; fileRef = 3E2AC944243E7E7D00BB0B3A /* AppDelegate.swift */; };
		3E2AC947243E7E7D00BB0B3A /* SceneDelegate.swift in Sources */ = {isa = PBXBuildFile; fileRef = 3E2AC946243E7E7D00BB0B3A /* SceneDelegate.swift */; };
		3E2AC949243E7E7D00BB0B3A /* CreateContactViewController.swift in Sources */ = {isa = PBXBuildFile; fileRef = 3E2AC948243E7E7D00BB0B3A /* CreateContactViewController.swift */; };
		3E2AC94C243E7E7D00BB0B3A /* Main.storyboard in Resources */ = {isa = PBXBuildFile; fileRef = 3E2AC94A243E7E7D00BB0B3A /* Main.storyboard */; };
		3E2AC94E243E7E8200BB0B3A /* Assets.xcassets in Resources */ = {isa = PBXBuildFile; fileRef = 3E2AC94D243E7E8200BB0B3A /* Assets.xcassets */; };
		3E2AC951243E7E8200BB0B3A /* LaunchScreen.storyboard in Resources */ = {isa = PBXBuildFile; fileRef = 3E2AC94F243E7E8200BB0B3A /* LaunchScreen.storyboard */; };
		3E8280E1243E8C3E00D39F79 /* AuthenticationService.swift in Sources */ = {isa = PBXBuildFile; fileRef = 3E8280E0243E8C3E00D39F79 /* AuthenticationService.swift */; };
		3E8280E3243E921E00D39F79 /* GoogleService-Info.plist in Resources */ = {isa = PBXBuildFile; fileRef = 3E8280E2243E921E00D39F79 /* GoogleService-Info.plist */; };
		3E8280E5243E931400D39F79 /* DatabaseService.swift in Sources */ = {isa = PBXBuildFile; fileRef = 3E8280E4243E931400D39F79 /* DatabaseService.swift */; };
		3E8280E7243E9A0F00D39F79 /* LoginView.storyboard in Resources */ = {isa = PBXBuildFile; fileRef = 3E8280E6243E9A0F00D39F79 /* LoginView.storyboard */; };
		3E8280E9243EA45700D39F79 /* LoginViewController.swift in Sources */ = {isa = PBXBuildFile; fileRef = 3E8280E8243EA45700D39F79 /* LoginViewController.swift */; };
		3E8280EC243EACFA00D39F79 /* UIViewController+Navigation.swift in Sources */ = {isa = PBXBuildFile; fileRef = 3E8280EB243EACFA00D39F79 /* UIViewController+Navigation.swift */; };
		3E8280EE243EAD4500D39F79 /* UIViewController+Alerts.swift in Sources */ = {isa = PBXBuildFile; fileRef = 3E8280ED243EAD4500D39F79 /* UIViewController+Alerts.swift */; };
		3E8280F0243EB40D00D39F79 /* UserInformationViewController.swift in Sources */ = {isa = PBXBuildFile; fileRef = 3E8280EF243EB40D00D39F79 /* UserInformationViewController.swift */; };
		3E8281512445709400D39F79 /* SendOrRequestAmountController.swift in Sources */ = {isa = PBXBuildFile; fileRef = 3E8281502445709400D39F79 /* SendOrRequestAmountController.swift */; };
		3E8281532445710700D39F79 /* ViewBalancesViewController.swift in Sources */ = {isa = PBXBuildFile; fileRef = 3E8281522445710700D39F79 /* ViewBalancesViewController.swift */; };
		3E8281562445718900D39F79 /* Contact.swift in Sources */ = {isa = PBXBuildFile; fileRef = 3E8281552445718900D39F79 /* Contact.swift */; };
		3E828159244571C900D39F79 /* AccountBalance.swift in Sources */ = {isa = PBXBuildFile; fileRef = 3E828158244571C900D39F79 /* AccountBalance.swift */; };
		3E82815B24457B1300D39F79 /* EmptyView.swift in Sources */ = {isa = PBXBuildFile; fileRef = 3E82815A24457B1300D39F79 /* EmptyView.swift */; };
		ACA0AEF6CC851FC2B0293C96 /* Pods_KVOLab_PursuitBankingApp.framework in Frameworks */ = {isa = PBXBuildFile; fileRef = 115EE3457B47A4EF9A6A8595 /* Pods_KVOLab_PursuitBankingApp.framework */; };
/* End PBXBuildFile section */

/* Begin PBXFileReference section */
		115EE3457B47A4EF9A6A8595 /* Pods_KVOLab_PursuitBankingApp.framework */ = {isa = PBXFileReference; explicitFileType = wrapper.framework; includeInIndex = 0; path = Pods_KVOLab_PursuitBankingApp.framework; sourceTree = BUILT_PRODUCTS_DIR; };
		17D21461EEF8C22E77BC046E /* Pods-KVOLab-PursuitBankingApp.debug.xcconfig */ = {isa = PBXFileReference; includeInIndex = 1; lastKnownFileType = text.xcconfig; name = "Pods-KVOLab-PursuitBankingApp.debug.xcconfig"; path = "Target Support Files/Pods-KVOLab-PursuitBankingApp/Pods-KVOLab-PursuitBankingApp.debug.xcconfig"; sourceTree = "<group>"; };
		3E2AC941243E7E7D00BB0B3A /* KVOLab-PursuitBankingApp.app */ = {isa = PBXFileReference; explicitFileType = wrapper.application; includeInIndex = 0; path = "KVOLab-PursuitBankingApp.app"; sourceTree = BUILT_PRODUCTS_DIR; };
		3E2AC944243E7E7D00BB0B3A /* AppDelegate.swift */ = {isa = PBXFileReference; lastKnownFileType = sourcecode.swift; path = AppDelegate.swift; sourceTree = "<group>"; };
		3E2AC946243E7E7D00BB0B3A /* SceneDelegate.swift */ = {isa = PBXFileReference; lastKnownFileType = sourcecode.swift; path = SceneDelegate.swift; sourceTree = "<group>"; };
		3E2AC948243E7E7D00BB0B3A /* CreateContactViewController.swift */ = {isa = PBXFileReference; lastKnownFileType = sourcecode.swift; path = CreateContactViewController.swift; sourceTree = "<group>"; };
		3E2AC94B243E7E7D00BB0B3A /* Base */ = {isa = PBXFileReference; lastKnownFileType = file.storyboard; name = Base; path = Base.lproj/Main.storyboard; sourceTree = "<group>"; };
		3E2AC94D243E7E8200BB0B3A /* Assets.xcassets */ = {isa = PBXFileReference; lastKnownFileType = folder.assetcatalog; path = Assets.xcassets; sourceTree = "<group>"; };
		3E2AC950243E7E8200BB0B3A /* Base */ = {isa = PBXFileReference; lastKnownFileType = file.storyboard; name = Base; path = Base.lproj/LaunchScreen.storyboard; sourceTree = "<group>"; };
		3E2AC952243E7E8200BB0B3A /* Info.plist */ = {isa = PBXFileReference; lastKnownFileType = text.plist.xml; path = Info.plist; sourceTree = "<group>"; };
		3E8280E0243E8C3E00D39F79 /* AuthenticationService.swift */ = {isa = PBXFileReference; lastKnownFileType = sourcecode.swift; path = AuthenticationService.swift; sourceTree = "<group>"; };
		3E8280E2243E921E00D39F79 /* GoogleService-Info.plist */ = {isa = PBXFileReference; fileEncoding = 4; lastKnownFileType = text.plist.xml; path = "GoogleService-Info.plist"; sourceTree = "<group>"; };
		3E8280E4243E931400D39F79 /* DatabaseService.swift */ = {isa = PBXFileReference; lastKnownFileType = sourcecode.swift; path = DatabaseService.swift; sourceTree = "<group>"; };
		3E8280E6243E9A0F00D39F79 /* LoginView.storyboard */ = {isa = PBXFileReference; lastKnownFileType = file.storyboard; path = LoginView.storyboard; sourceTree = "<group>"; };
		3E8280E8243EA45700D39F79 /* LoginViewController.swift */ = {isa = PBXFileReference; lastKnownFileType = sourcecode.swift; path = LoginViewController.swift; sourceTree = "<group>"; };
		3E8280EB243EACFA00D39F79 /* UIViewController+Navigation.swift */ = {isa = PBXFileReference; lastKnownFileType = sourcecode.swift; path = "UIViewController+Navigation.swift"; sourceTree = "<group>"; };
		3E8280ED243EAD4500D39F79 /* UIViewController+Alerts.swift */ = {isa = PBXFileReference; lastKnownFileType = sourcecode.swift; path = "UIViewController+Alerts.swift"; sourceTree = "<group>"; };
		3E8280EF243EB40D00D39F79 /* UserInformationViewController.swift */ = {isa = PBXFileReference; lastKnownFileType = sourcecode.swift; path = UserInformationViewController.swift; sourceTree = "<group>"; };
		3E8281502445709400D39F79 /* SendOrRequestAmountController.swift */ = {isa = PBXFileReference; lastKnownFileType = sourcecode.swift; path = SendOrRequestAmountController.swift; sourceTree = "<group>"; };
		3E8281522445710700D39F79 /* ViewBalancesViewController.swift */ = {isa = PBXFileReference; lastKnownFileType = sourcecode.swift; path = ViewBalancesViewController.swift; sourceTree = "<group>"; };
		3E8281552445718900D39F79 /* Contact.swift */ = {isa = PBXFileReference; lastKnownFileType = sourcecode.swift; path = Contact.swift; sourceTree = "<group>"; };
		3E828158244571C900D39F79 /* AccountBalance.swift */ = {isa = PBXFileReference; lastKnownFileType = sourcecode.swift; path = AccountBalance.swift; sourceTree = "<group>"; };
		3E82815A24457B1300D39F79 /* EmptyView.swift */ = {isa = PBXFileReference; lastKnownFileType = sourcecode.swift; path = EmptyView.swift; sourceTree = "<group>"; };
		81B0B3B12F00F7C0E628A169 /* Pods-KVOLab-PursuitBankingApp.release.xcconfig */ = {isa = PBXFileReference; includeInIndex = 1; lastKnownFileType = text.xcconfig; name = "Pods-KVOLab-PursuitBankingApp.release.xcconfig"; path = "Target Support Files/Pods-KVOLab-PursuitBankingApp/Pods-KVOLab-PursuitBankingApp.release.xcconfig"; sourceTree = "<group>"; };
/* End PBXFileReference section */

/* Begin PBXFrameworksBuildPhase section */
		3E2AC93E243E7E7D00BB0B3A /* Frameworks */ = {
			isa = PBXFrameworksBuildPhase;
			buildActionMask = 2147483647;
			files = (
				ACA0AEF6CC851FC2B0293C96 /* Pods_KVOLab_PursuitBankingApp.framework in Frameworks */,
			);
			runOnlyForDeploymentPostprocessing = 0;
		};
/* End PBXFrameworksBuildPhase section */

/* Begin PBXGroup section */
		3E2AC938243E7E7D00BB0B3A = {
			isa = PBXGroup;
			children = (
				3E2AC943243E7E7D00BB0B3A /* KVOLab-PursuitBankingApp */,
				3E2AC942243E7E7D00BB0B3A /* Products */,
				AD2C6A6F888F6D0886BA555A /* Pods */,
				94E00074C4CAA9304758A09F /* Frameworks */,
			);
			sourceTree = "<group>";
		};
		3E2AC942243E7E7D00BB0B3A /* Products */ = {
			isa = PBXGroup;
			children = (
				3E2AC941243E7E7D00BB0B3A /* KVOLab-PursuitBankingApp.app */,
			);
			name = Products;
			sourceTree = "<group>";
		};
		3E2AC943243E7E7D00BB0B3A /* KVOLab-PursuitBankingApp */ = {
			isa = PBXGroup;
			children = (
				3E8281572445719100D39F79 /* Classes */,
				3E8281542445712800D39F79 /* Models */,
				3E8280EA243EACDA00D39F79 /* Extensions */,
				3E8280DF243E8B7700D39F79 /* FirebaseServices */,
				3E2AC95C243E85B700BB0B3A /* Views */,
				3E2AC95A243E858300BB0B3A /* Controllers */,
				3E2AC95B243E859900BB0B3A /* Supporting Files */,
				3E2AC952243E7E8200BB0B3A /* Info.plist */,
				3E8280E2243E921E00D39F79 /* GoogleService-Info.plist */,
			);
			path = "KVOLab-PursuitBankingApp";
			sourceTree = "<group>";
		};
		3E2AC95A243E858300BB0B3A /* Controllers */ = {
			isa = PBXGroup;
			children = (
				3E8280E8243EA45700D39F79 /* LoginViewController.swift */,
				3E2AC948243E7E7D00BB0B3A /* CreateContactViewController.swift */,
				3E8280EF243EB40D00D39F79 /* UserInformationViewController.swift */,
				3E8281502445709400D39F79 /* SendOrRequestAmountController.swift */,
				3E8281522445710700D39F79 /* ViewBalancesViewController.swift */,
			);
			path = Controllers;
			sourceTree = "<group>";
		};
		3E2AC95B243E859900BB0B3A /* Supporting Files */ = {
			isa = PBXGroup;
			children = (
				3E2AC946243E7E7D00BB0B3A /* SceneDelegate.swift */,
				3E2AC944243E7E7D00BB0B3A /* AppDelegate.swift */,
				3E2AC94D243E7E8200BB0B3A /* Assets.xcassets */,
			);
			path = "Supporting Files";
			sourceTree = "<group>";
		};
		3E2AC95C243E85B700BB0B3A /* Views */ = {
			isa = PBXGroup;
			children = (
				3E2AC94A243E7E7D00BB0B3A /* Main.storyboard */,
				3E2AC94F243E7E8200BB0B3A /* LaunchScreen.storyboard */,
				3E8280E6243E9A0F00D39F79 /* LoginView.storyboard */,
				3E82815A24457B1300D39F79 /* EmptyView.swift */,
			);
			path = Views;
			sourceTree = "<group>";
		};
		3E8280DF243E8B7700D39F79 /* FirebaseServices */ = {
			isa = PBXGroup;
			children = (
				3E8280E0243E8C3E00D39F79 /* AuthenticationService.swift */,
				3E8280E4243E931400D39F79 /* DatabaseService.swift */,
			);
			path = FirebaseServices;
			sourceTree = "<group>";
		};
		3E8280EA243EACDA00D39F79 /* Extensions */ = {
			isa = PBXGroup;
			children = (
				3E8280EB243EACFA00D39F79 /* UIViewController+Navigation.swift */,
				3E8280ED243EAD4500D39F79 /* UIViewController+Alerts.swift */,
			);
			path = Extensions;
			sourceTree = "<group>";
		};
		3E8281542445712800D39F79 /* Models */ = {
			isa = PBXGroup;
			children = (
				3E8281552445718900D39F79 /* Contact.swift */,
			);
			path = Models;
			sourceTree = "<group>";
		};
		3E8281572445719100D39F79 /* Classes */ = {
			isa = PBXGroup;
			children = (
				3E828158244571C900D39F79 /* AccountBalance.swift */,
			);
			path = Classes;
			sourceTree = "<group>";
		};
		94E00074C4CAA9304758A09F /* Frameworks */ = {
			isa = PBXGroup;
			children = (
				115EE3457B47A4EF9A6A8595 /* Pods_KVOLab_PursuitBankingApp.framework */,
			);
			name = Frameworks;
			sourceTree = "<group>";
		};
		AD2C6A6F888F6D0886BA555A /* Pods */ = {
			isa = PBXGroup;
			children = (
				17D21461EEF8C22E77BC046E /* Pods-KVOLab-PursuitBankingApp.debug.xcconfig */,
				81B0B3B12F00F7C0E628A169 /* Pods-KVOLab-PursuitBankingApp.release.xcconfig */,
			);
			path = Pods;
			sourceTree = "<group>";
		};
/* End PBXGroup section */

/* Begin PBXNativeTarget section */
		3E2AC940243E7E7D00BB0B3A /* KVOLab-PursuitBankingApp */ = {
			isa = PBXNativeTarget;
			buildConfigurationList = 3E2AC955243E7E8200BB0B3A /* Build configuration list for PBXNativeTarget "KVOLab-PursuitBankingApp" */;
			buildPhases = (
				3B7BC46FF018B7484FC38D95 /* [CP] Check Pods Manifest.lock */,
				3E2AC93D243E7E7D00BB0B3A /* Sources */,
				3E2AC93E243E7E7D00BB0B3A /* Frameworks */,
				3E2AC93F243E7E7D00BB0B3A /* Resources */,
				2F5301679273721153BC6643 /* [CP] Embed Pods Frameworks */,
			);
			buildRules = (
			);
			dependencies = (
			);
			name = "KVOLab-PursuitBankingApp";
			productName = "KVOLab-PursuitBankingApp";
			productReference = 3E2AC941243E7E7D00BB0B3A /* KVOLab-PursuitBankingApp.app */;
			productType = "com.apple.product-type.application";
		};
/* End PBXNativeTarget section */

/* Begin PBXProject section */
		3E2AC939243E7E7D00BB0B3A /* Project object */ = {
			isa = PBXProject;
			attributes = {
				LastSwiftUpdateCheck = 1130;
				LastUpgradeCheck = 1130;
				ORGANIZATIONNAME = "Tiffany Obi";
				TargetAttributes = {
					3E2AC940243E7E7D00BB0B3A = {
						CreatedOnToolsVersion = 11.3;
					};
				};
			};
			buildConfigurationList = 3E2AC93C243E7E7D00BB0B3A /* Build configuration list for PBXProject "KVOLab-PursuitBankingApp" */;
			compatibilityVersion = "Xcode 9.3";
			developmentRegion = en;
			hasScannedForEncodings = 0;
			knownRegions = (
				en,
				Base,
			);
			mainGroup = 3E2AC938243E7E7D00BB0B3A;
			productRefGroup = 3E2AC942243E7E7D00BB0B3A /* Products */;
			projectDirPath = "";
			projectRoot = "";
			targets = (
				3E2AC940243E7E7D00BB0B3A /* KVOLab-PursuitBankingApp */,
			);
		};
/* End PBXProject section */

/* Begin PBXResourcesBuildPhase section */
		3E2AC93F243E7E7D00BB0B3A /* Resources */ = {
			isa = PBXResourcesBuildPhase;
			buildActionMask = 2147483647;
			files = (
				3E2AC951243E7E8200BB0B3A /* LaunchScreen.storyboard in Resources */,
				3E8280E3243E921E00D39F79 /* GoogleService-Info.plist in Resources */,
				3E2AC94E243E7E8200BB0B3A /* Assets.xcassets in Resources */,
				3E2AC94C243E7E7D00BB0B3A /* Main.storyboard in Resources */,
				3E8280E7243E9A0F00D39F79 /* LoginView.storyboard in Resources */,
			);
			runOnlyForDeploymentPostprocessing = 0;
		};
/* End PBXResourcesBuildPhase section */

/* Begin PBXShellScriptBuildPhase section */
		2F5301679273721153BC6643 /* [CP] Embed Pods Frameworks */ = {
			isa = PBXShellScriptBuildPhase;
			buildActionMask = 2147483647;
			files = (
			);
			inputFileListPaths = (
				"${PODS_ROOT}/Target Support Files/Pods-KVOLab-PursuitBankingApp/Pods-KVOLab-PursuitBankingApp-frameworks-${CONFIGURATION}-input-files.xcfilelist",
			);
			name = "[CP] Embed Pods Frameworks";
			outputFileListPaths = (
				"${PODS_ROOT}/Target Support Files/Pods-KVOLab-PursuitBankingApp/Pods-KVOLab-PursuitBankingApp-frameworks-${CONFIGURATION}-output-files.xcfilelist",
			);
			runOnlyForDeploymentPostprocessing = 0;
			shellPath = /bin/sh;
			shellScript = "\"${PODS_ROOT}/Target Support Files/Pods-KVOLab-PursuitBankingApp/Pods-KVOLab-PursuitBankingApp-frameworks.sh\"\n";
			showEnvVarsInLog = 0;
		};
		3B7BC46FF018B7484FC38D95 /* [CP] Check Pods Manifest.lock */ = {
			isa = PBXShellScriptBuildPhase;
			buildActionMask = 2147483647;
			files = (
			);
			inputFileListPaths = (
			);
			inputPaths = (
				"${PODS_PODFILE_DIR_PATH}/Podfile.lock",
				"${PODS_ROOT}/Manifest.lock",
			);
			name = "[CP] Check Pods Manifest.lock";
			outputFileListPaths = (
			);
			outputPaths = (
				"$(DERIVED_FILE_DIR)/Pods-KVOLab-PursuitBankingApp-checkManifestLockResult.txt",
			);
			runOnlyForDeploymentPostprocessing = 0;
			shellPath = /bin/sh;
			shellScript = "diff \"${PODS_PODFILE_DIR_PATH}/Podfile.lock\" \"${PODS_ROOT}/Manifest.lock\" > /dev/null\nif [ $? != 0 ] ; then\n    # print error to STDERR\n    echo \"error: The sandbox is not in sync with the Podfile.lock. Run 'pod install' or update your CocoaPods installation.\" >&2\n    exit 1\nfi\n# This output is used by Xcode 'outputs' to avoid re-running this script phase.\necho \"SUCCESS\" > \"${SCRIPT_OUTPUT_FILE_0}\"\n";
			showEnvVarsInLog = 0;
		};
/* End PBXShellScriptBuildPhase section */

/* Begin PBXSourcesBuildPhase section */
		3E2AC93D243E7E7D00BB0B3A /* Sources */ = {
			isa = PBXSourcesBuildPhase;
			buildActionMask = 2147483647;
			files = (
				3E8281562445718900D39F79 /* Contact.swift in Sources */,
				3E8280E9243EA45700D39F79 /* LoginViewController.swift in Sources */,
				3E8280EC243EACFA00D39F79 /* UIViewController+Navigation.swift in Sources */,
				3E2AC949243E7E7D00BB0B3A /* CreateContactViewController.swift in Sources */,
				3E8280EE243EAD4500D39F79 /* UIViewController+Alerts.swift in Sources */,
				3E8280E5243E931400D39F79 /* DatabaseService.swift in Sources */,
				3E828159244571C900D39F79 /* AccountBalance.swift in Sources */,
				3E2AC945243E7E7D00BB0B3A /* AppDelegate.swift in Sources */,
				3E8281512445709400D39F79 /* SendOrRequestAmountController.swift in Sources */,
				3E8281532445710700D39F79 /* ViewBalancesViewController.swift in Sources */,
				3E2AC947243E7E7D00BB0B3A /* SceneDelegate.swift in Sources */,
				3E8280F0243EB40D00D39F79 /* UserInformationViewController.swift in Sources */,
				3E82815B24457B1300D39F79 /* EmptyView.swift in Sources */,
				3E8280E1243E8C3E00D39F79 /* AuthenticationService.swift in Sources */,
			);
			runOnlyForDeploymentPostprocessing = 0;
		};
/* End PBXSourcesBuildPhase section */

/* Begin PBXVariantGroup section */
		3E2AC94A243E7E7D00BB0B3A /* Main.storyboard */ = {
			isa = PBXVariantGroup;
			children = (
				3E2AC94B243E7E7D00BB0B3A /* Base */,
			);
			name = Main.storyboard;
			sourceTree = "<group>";
		};
		3E2AC94F243E7E8200BB0B3A /* LaunchScreen.storyboard */ = {
			isa = PBXVariantGroup;
			children = (
				3E2AC950243E7E8200BB0B3A /* Base */,
			);
			name = LaunchScreen.storyboard;
			sourceTree = "<group>";
		};
/* End PBXVariantGroup section */

/* Begin XCBuildConfiguration section */
		3E2AC953243E7E8200BB0B3A /* Debug */ = {
			isa = XCBuildConfiguration;
			buildSettings = {
				ALWAYS_SEARCH_USER_PATHS = NO;
				CLANG_ANALYZER_NONNULL = YES;
				CLANG_ANALYZER_NUMBER_OBJECT_CONVERSION = YES_AGGRESSIVE;
				CLANG_CXX_LANGUAGE_STANDARD = "gnu++14";
				CLANG_CXX_LIBRARY = "libc++";
				CLANG_ENABLE_MODULES = YES;
				CLANG_ENABLE_OBJC_ARC = YES;
				CLANG_ENABLE_OBJC_WEAK = YES;
				CLANG_WARN_BLOCK_CAPTURE_AUTORELEASING = YES;
				CLANG_WARN_BOOL_CONVERSION = YES;
				CLANG_WARN_COMMA = YES;
				CLANG_WARN_CONSTANT_CONVERSION = YES;
				CLANG_WARN_DEPRECATED_OBJC_IMPLEMENTATIONS = YES;
				CLANG_WARN_DIRECT_OBJC_ISA_USAGE = YES_ERROR;
				CLANG_WARN_DOCUMENTATION_COMMENTS = YES;
				CLANG_WARN_EMPTY_BODY = YES;
				CLANG_WARN_ENUM_CONVERSION = YES;
				CLANG_WARN_INFINITE_RECURSION = YES;
				CLANG_WARN_INT_CONVERSION = YES;
				CLANG_WARN_NON_LITERAL_NULL_CONVERSION = YES;
				CLANG_WARN_OBJC_IMPLICIT_RETAIN_SELF = YES;
				CLANG_WARN_OBJC_LITERAL_CONVERSION = YES;
				CLANG_WARN_OBJC_ROOT_CLASS = YES_ERROR;
				CLANG_WARN_RANGE_LOOP_ANALYSIS = YES;
				CLANG_WARN_STRICT_PROTOTYPES = YES;
				CLANG_WARN_SUSPICIOUS_MOVE = YES;
				CLANG_WARN_UNGUARDED_AVAILABILITY = YES_AGGRESSIVE;
				CLANG_WARN_UNREACHABLE_CODE = YES;
				CLANG_WARN__DUPLICATE_METHOD_MATCH = YES;
				COPY_PHASE_STRIP = NO;
				DEBUG_INFORMATION_FORMAT = dwarf;
				ENABLE_STRICT_OBJC_MSGSEND = YES;
				ENABLE_TESTABILITY = YES;
				GCC_C_LANGUAGE_STANDARD = gnu11;
				GCC_DYNAMIC_NO_PIC = NO;
				GCC_NO_COMMON_BLOCKS = YES;
				GCC_OPTIMIZATION_LEVEL = 0;
				GCC_PREPROCESSOR_DEFINITIONS = (
					"DEBUG=1",
					"$(inherited)",
				);
				GCC_WARN_64_TO_32_BIT_CONVERSION = YES;
				GCC_WARN_ABOUT_RETURN_TYPE = YES_ERROR;
				GCC_WARN_UNDECLARED_SELECTOR = YES;
				GCC_WARN_UNINITIALIZED_AUTOS = YES_AGGRESSIVE;
				GCC_WARN_UNUSED_FUNCTION = YES;
				GCC_WARN_UNUSED_VARIABLE = YES;
				IPHONEOS_DEPLOYMENT_TARGET = 13.2;
				MTL_ENABLE_DEBUG_INFO = INCLUDE_SOURCE;
				MTL_FAST_MATH = YES;
				ONLY_ACTIVE_ARCH = YES;
				SDKROOT = iphoneos;
				SWIFT_ACTIVE_COMPILATION_CONDITIONS = DEBUG;
				SWIFT_OPTIMIZATION_LEVEL = "-Onone";
			};
			name = Debug;
		};
		3E2AC954243E7E8200BB0B3A /* Release */ = {
			isa = XCBuildConfiguration;
			buildSettings = {
				ALWAYS_SEARCH_USER_PATHS = NO;
				CLANG_ANALYZER_NONNULL = YES;
				CLANG_ANALYZER_NUMBER_OBJECT_CONVERSION = YES_AGGRESSIVE;
				CLANG_CXX_LANGUAGE_STANDARD = "gnu++14";
				CLANG_CXX_LIBRARY = "libc++";
				CLANG_ENABLE_MODULES = YES;
				CLANG_ENABLE_OBJC_ARC = YES;
				CLANG_ENABLE_OBJC_WEAK = YES;
				CLANG_WARN_BLOCK_CAPTURE_AUTORELEASING = YES;
				CLANG_WARN_BOOL_CONVERSION = YES;
				CLANG_WARN_COMMA = YES;
				CLANG_WARN_CONSTANT_CONVERSION = YES;
				CLANG_WARN_DEPRECATED_OBJC_IMPLEMENTATIONS = YES;
				CLANG_WARN_DIRECT_OBJC_ISA_USAGE = YES_ERROR;
				CLANG_WARN_DOCUMENTATION_COMMENTS = YES;
				CLANG_WARN_EMPTY_BODY = YES;
				CLANG_WARN_ENUM_CONVERSION = YES;
				CLANG_WARN_INFINITE_RECURSION = YES;
				CLANG_WARN_INT_CONVERSION = YES;
				CLANG_WARN_NON_LITERAL_NULL_CONVERSION = YES;
				CLANG_WARN_OBJC_IMPLICIT_RETAIN_SELF = YES;
				CLANG_WARN_OBJC_LITERAL_CONVERSION = YES;
				CLANG_WARN_OBJC_ROOT_CLASS = YES_ERROR;
				CLANG_WARN_RANGE_LOOP_ANALYSIS = YES;
				CLANG_WARN_STRICT_PROTOTYPES = YES;
				CLANG_WARN_SUSPICIOUS_MOVE = YES;
				CLANG_WARN_UNGUARDED_AVAILABILITY = YES_AGGRESSIVE;
				CLANG_WARN_UNREACHABLE_CODE = YES;
				CLANG_WARN__DUPLICATE_METHOD_MATCH = YES;
				COPY_PHASE_STRIP = NO;
				DEBUG_INFORMATION_FORMAT = "dwarf-with-dsym";
				ENABLE_NS_ASSERTIONS = NO;
				ENABLE_STRICT_OBJC_MSGSEND = YES;
				GCC_C_LANGUAGE_STANDARD = gnu11;
				GCC_NO_COMMON_BLOCKS = YES;
				GCC_WARN_64_TO_32_BIT_CONVERSION = YES;
				GCC_WARN_ABOUT_RETURN_TYPE = YES_ERROR;
				GCC_WARN_UNDECLARED_SELECTOR = YES;
				GCC_WARN_UNINITIALIZED_AUTOS = YES_AGGRESSIVE;
				GCC_WARN_UNUSED_FUNCTION = YES;
				GCC_WARN_UNUSED_VARIABLE = YES;
				IPHONEOS_DEPLOYMENT_TARGET = 13.2;
				MTL_ENABLE_DEBUG_INFO = NO;
				MTL_FAST_MATH = YES;
				SDKROOT = iphoneos;
				SWIFT_COMPILATION_MODE = wholemodule;
				SWIFT_OPTIMIZATION_LEVEL = "-O";
				VALIDATE_PRODUCT = YES;
			};
			name = Release;
		};
		3E2AC956243E7E8200BB0B3A /* Debug */ = {
			isa = XCBuildConfiguration;
			baseConfigurationReference = 17D21461EEF8C22E77BC046E /* Pods-KVOLab-PursuitBankingApp.debug.xcconfig */;
			buildSettings = {
				ASSETCATALOG_COMPILER_APPICON_NAME = AppIcon;
				CODE_SIGN_STYLE = Automatic;
				DEVELOPMENT_TEAM = 26RHXP32FH;
				INFOPLIST_FILE = "KVOLab-PursuitBankingApp/Info.plist";
				LD_RUNPATH_SEARCH_PATHS = (
					"$(inherited)",
					"@executable_path/Frameworks",
				);
				PRODUCT_BUNDLE_IDENTIFIER = "org.tiffanyobi.KVOLab-PursuitBankingApp";
				PRODUCT_NAME = "$(TARGET_NAME)";
				SWIFT_VERSION = 5.0;
				TARGETED_DEVICE_FAMILY = "1,2";
			};
			name = Debug;
		};
		3E2AC957243E7E8200BB0B3A /* Release */ = {
			isa = XCBuildConfiguration;
			baseConfigurationReference = 81B0B3B12F00F7C0E628A169 /* Pods-KVOLab-PursuitBankingApp.release.xcconfig */;
			buildSettings = {
				ASSETCATALOG_COMPILER_APPICON_NAME = AppIcon;
				CODE_SIGN_STYLE = Automatic;
				DEVELOPMENT_TEAM = 26RHXP32FH;
				INFOPLIST_FILE = "KVOLab-PursuitBankingApp/Info.plist";
				LD_RUNPATH_SEARCH_PATHS = (
					"$(inherited)",
					"@executable_path/Frameworks",
				);
				PRODUCT_BUNDLE_IDENTIFIER = "org.tiffanyobi.KVOLab-PursuitBankingApp";
				PRODUCT_NAME = "$(TARGET_NAME)";
				SWIFT_VERSION = 5.0;
				TARGETED_DEVICE_FAMILY = "1,2";
			};
			name = Release;
		};
/* End XCBuildConfiguration section */

/* Begin XCConfigurationList section */
		3E2AC93C243E7E7D00BB0B3A /* Build configuration list for PBXProject "KVOLab-PursuitBankingApp" */ = {
			isa = XCConfigurationList;
			buildConfigurations = (
				3E2AC953243E7E8200BB0B3A /* Debug */,
				3E2AC954243E7E8200BB0B3A /* Release */,
			);
			defaultConfigurationIsVisible = 0;
			defaultConfigurationName = Release;
		};
		3E2AC955243E7E8200BB0B3A /* Build configuration list for PBXNativeTarget "KVOLab-PursuitBankingApp" */ = {
			isa = XCConfigurationList;
			buildConfigurations = (
				3E2AC956243E7E8200BB0B3A /* Debug */,
				3E2AC957243E7E8200BB0B3A /* Release */,
			);
			defaultConfigurationIsVisible = 0;
			defaultConfigurationName = Release;
		};
/* End XCConfigurationList section */
	};
	rootObject = 3E2AC939243E7E7D00BB0B3A /* Project object */;
}
